// !$*UTF8*$!
{
	archiveVersion = 1;
	classes = {
	};
	objectVersion = 77;
	objects = {

/* Begin PBXBuildFile section */
		C3D131B02D13509F0059168E /* README.md in Resources */ = {isa = PBXBuildFile; fileRef = C3D131AF2D13509F0059168E /* README.md */; };
/* End PBXBuildFile section */

/* Begin PBXContainerItemProxy section */
		C377DBC92D0FBF1000CBB509 /* PBXContainerItemProxy */ = {
			isa = PBXContainerItemProxy;
			containerPortal = C377DBB02D0FBF0F00CBB509 /* Project object */;
			proxyType = 1;
			remoteGlobalIDString = C377DBB72D0FBF0F00CBB509;
			remoteInfo = "Weather App Take Home Test";
		};
		C377DBD32D0FBF1000CBB509 /* PBXContainerItemProxy */ = {
			isa = PBXContainerItemProxy;
			containerPortal = C377DBB02D0FBF0F00CBB509 /* Project object */;
			proxyType = 1;
			remoteGlobalIDString = C377DBB72D0FBF0F00CBB509;
			remoteInfo = "Weather App Take Home Test";
		};
/* End PBXContainerItemProxy section */

/* Begin PBXFileReference section */
		C377DBB82D0FBF0F00CBB509 /* Weather App Take Home Test.app */ = {isa = PBXFileReference; explicitFileType = wrapper.application; includeInIndex = 0; path = "Weather App Take Home Test.app"; sourceTree = BUILT_PRODUCTS_DIR; };
		C377DBC82D0FBF1000CBB509 /* Weather App Take Home TestTests.xctest */ = {isa = PBXFileReference; explicitFileType = wrapper.cfbundle; includeInIndex = 0; path = "Weather App Take Home TestTests.xctest"; sourceTree = BUILT_PRODUCTS_DIR; };
		C377DBD22D0FBF1000CBB509 /* Weather App Take Home TestUITests.xctest */ = {isa = PBXFileReference; explicitFileType = wrapper.cfbundle; includeInIndex = 0; path = "Weather App Take Home TestUITests.xctest"; sourceTree = BUILT_PRODUCTS_DIR; };
		C3D131AF2D13509F0059168E /* README.md */ = {isa = PBXFileReference; lastKnownFileType = net.daringfireball.markdown; path = README.md; sourceTree = "<group>"; };
/* End PBXFileReference section */

/* Begin PBXFileSystemSynchronizedRootGroup section */
		C377DBBA2D0FBF0F00CBB509 /* Weather App Take Home Test */ = {
			isa = PBXFileSystemSynchronizedRootGroup;
			path = "Weather App Take Home Test";
			sourceTree = "<group>";
		};
		C377DBCB2D0FBF1000CBB509 /* Weather App Take Home TestTests */ = {
			isa = PBXFileSystemSynchronizedRootGroup;
			path = "Weather App Take Home TestTests";
			sourceTree = "<group>";
		};
		C377DBD52D0FBF1000CBB509 /* Weather App Take Home TestUITests */ = {
			isa = PBXFileSystemSynchronizedRootGroup;
			path = "Weather App Take Home TestUITests";
			sourceTree = "<group>";
		};
/* End PBXFileSystemSynchronizedRootGroup section */

/* Begin PBXFrameworksBuildPhase section */
		C377DBB52D0FBF0F00CBB509 /* Frameworks */ = {
			isa = PBXFrameworksBuildPhase;
			buildActionMask = 2147483647;
			files = (
			);
			runOnlyForDeploymentPostprocessing = 0;
		};
		C377DBC52D0FBF1000CBB509 /* Frameworks */ = {
			isa = PBXFrameworksBuildPhase;
			buildActionMask = 2147483647;
			files = (
			);
			runOnlyForDeploymentPostprocessing = 0;
		};
		C377DBCF2D0FBF1000CBB509 /* Frameworks */ = {
			isa = PBXFrameworksBuildPhase;
			buildActionMask = 2147483647;
			files = (
			);
			runOnlyForDeploymentPostprocessing = 0;
		};
/* End PBXFrameworksBuildPhase section */

/* Begin PBXGroup section */
		C377DBAF2D0FBF0F00CBB509 = {
			isa = PBXGroup;
			children = (
				C3D131AF2D13509F0059168E /* README.md */,
				C377DBBA2D0FBF0F00CBB509 /* Weather App Take Home Test */,
				C377DBCB2D0FBF1000CBB509 /* Weather App Take Home TestTests */,
				C377DBD52D0FBF1000CBB509 /* Weather App Take Home TestUITests */,
				C377DBB92D0FBF0F00CBB509 /* Products */,
			);
			sourceTree = "<group>";
		};
		C377DBB92D0FBF0F00CBB509 /* Products */ = {
			isa = PBXGroup;
			children = (
				C377DBB82D0FBF0F00CBB509 /* Weather App Take Home Test.app */,
				C377DBC82D0FBF1000CBB509 /* Weather App Take Home TestTests.xctest */,
				C377DBD22D0FBF1000CBB509 /* Weather App Take Home TestUITests.xctest */,
			);
			name = Products;
			sourceTree = "<group>";
		};
/* End PBXGroup section */

/* Begin PBXNativeTarget section */
		C377DBB72D0FBF0F00CBB509 /* Weather App Take Home Test */ = {
			isa = PBXNativeTarget;
			buildConfigurationList = C377DBDC2D0FBF1000CBB509 /* Build configuration list for PBXNativeTarget "Weather App Take Home Test" */;
			buildPhases = (
				C377DBB42D0FBF0F00CBB509 /* Sources */,
				C377DBB52D0FBF0F00CBB509 /* Frameworks */,
				C377DBB62D0FBF0F00CBB509 /* Resources */,
			);
			buildRules = (
			);
			dependencies = (
			);
			fileSystemSynchronizedGroups = (
				C377DBBA2D0FBF0F00CBB509 /* Weather App Take Home Test */,
			);
			name = "Weather App Take Home Test";
			packageProductDependencies = (
			);
			productName = "Weather App Take Home Test";
			productReference = C377DBB82D0FBF0F00CBB509 /* Weather App Take Home Test.app */;
			productType = "com.apple.product-type.application";
		};
		C377DBC72D0FBF1000CBB509 /* Weather App Take Home TestTests */ = {
			isa = PBXNativeTarget;
			buildConfigurationList = C377DBDF2D0FBF1000CBB509 /* Build configuration list for PBXNativeTarget "Weather App Take Home TestTests" */;
			buildPhases = (
				C377DBC42D0FBF1000CBB509 /* Sources */,
				C377DBC52D0FBF1000CBB509 /* Frameworks */,
				C377DBC62D0FBF1000CBB509 /* Resources */,
			);
			buildRules = (
			);
			dependencies = (
				C377DBCA2D0FBF1000CBB509 /* PBXTargetDependency */,
			);
			fileSystemSynchronizedGroups = (
				C377DBCB2D0FBF1000CBB509 /* Weather App Take Home TestTests */,
			);
			name = "Weather App Take Home TestTests";
			packageProductDependencies = (
			);
			productName = "Weather App Take Home TestTests";
			productReference = C377DBC82D0FBF1000CBB509 /* Weather App Take Home TestTests.xctest */;
			productType = "com.apple.product-type.bundle.unit-test";
		};
		C377DBD12D0FBF1000CBB509 /* Weather App Take Home TestUITests */ = {
			isa = PBXNativeTarget;
			buildConfigurationList = C377DBE22D0FBF1000CBB509 /* Build configuration list for PBXNativeTarget "Weather App Take Home TestUITests" */;
			buildPhases = (
				C377DBCE2D0FBF1000CBB509 /* Sources */,
				C377DBCF2D0FBF1000CBB509 /* Frameworks */,
				C377DBD02D0FBF1000CBB509 /* Resources */,
			);
			buildRules = (
			);
			dependencies = (
				C377DBD42D0FBF1000CBB509 /* PBXTargetDependency */,
			);
			fileSystemSynchronizedGroups = (
				C377DBD52D0FBF1000CBB509 /* Weather App Take Home TestUITests */,
			);
			name = "Weather App Take Home TestUITests";
			packageProductDependencies = (
			);
			productName = "Weather App Take Home TestUITests";
			productReference = C377DBD22D0FBF1000CBB509 /* Weather App Take Home TestUITests.xctest */;
			productType = "com.apple.product-type.bundle.ui-testing";
		};
/* End PBXNativeTarget section */

/* Begin PBXProject section */
		C377DBB02D0FBF0F00CBB509 /* Project object */ = {
			isa = PBXProject;
			attributes = {
				BuildIndependentTargetsInParallel = 1;
				LastSwiftUpdateCheck = 1620;
				LastUpgradeCheck = 1620;
				TargetAttributes = {
					C377DBB72D0FBF0F00CBB509 = {
						CreatedOnToolsVersion = 16.2;
					};
					C377DBC72D0FBF1000CBB509 = {
						CreatedOnToolsVersion = 16.2;
						TestTargetID = C377DBB72D0FBF0F00CBB509;
					};
					C377DBD12D0FBF1000CBB509 = {
						CreatedOnToolsVersion = 16.2;
						TestTargetID = C377DBB72D0FBF0F00CBB509;
					};
				};
			};
			buildConfigurationList = C377DBB32D0FBF0F00CBB509 /* Build configuration list for PBXProject "Weather App Take Home Test" */;
			developmentRegion = en;
			hasScannedForEncodings = 0;
			knownRegions = (
				en,
				Base,
			);
			mainGroup = C377DBAF2D0FBF0F00CBB509;
			minimizedProjectReferenceProxies = 1;
			preferredProjectObjectVersion = 77;
			productRefGroup = C377DBB92D0FBF0F00CBB509 /* Products */;
			projectDirPath = "";
			projectRoot = "";
			targets = (
				C377DBB72D0FBF0F00CBB509 /* Weather App Take Home Test */,
				C377DBC72D0FBF1000CBB509 /* Weather App Take Home TestTests */,
				C377DBD12D0FBF1000CBB509 /* Weather App Take Home TestUITests */,
			);
		};
/* End PBXProject section */

/* Begin PBXResourcesBuildPhase section */
		C377DBB62D0FBF0F00CBB509 /* Resources */ = {
			isa = PBXResourcesBuildPhase;
			buildActionMask = 2147483647;
			files = (
				C3D131B02D13509F0059168E /* README.md in Resources */,
			);
			runOnlyForDeploymentPostprocessing = 0;
		};
		C377DBC62D0FBF1000CBB509 /* Resources */ = {
			isa = PBXResourcesBuildPhase;
			buildActionMask = 2147483647;
			files = (
			);
			runOnlyForDeploymentPostprocessing = 0;
		};
		C377DBD02D0FBF1000CBB509 /* Resources */ = {
			isa = PBXResourcesBuildPhase;
			buildActionMask = 2147483647;
			files = (
			);
			runOnlyForDeploymentPostprocessing = 0;
		};
/* End PBXResourcesBuildPhase section */

/* Begin PBXSourcesBuildPhase section */
		C377DBB42D0FBF0F00CBB509 /* Sources */ = {
			isa = PBXSourcesBuildPhase;
			buildActionMask = 2147483647;
			files = (
			);
			runOnlyForDeploymentPostprocessing = 0;
		};
		C377DBC42D0FBF1000CBB509 /* Sources */ = {
			isa = PBXSourcesBuildPhase;
			buildActionMask = 2147483647;
			files = (
			);
			runOnlyForDeploymentPostprocessing = 0;
		};
		C377DBCE2D0FBF1000CBB509 /* Sources */ = {
			isa = PBXSourcesBuildPhase;
			buildActionMask = 2147483647;
			files = (
			);
			runOnlyForDeploymentPostprocessing = 0;
		};
/* End PBXSourcesBuildPhase section */

/* Begin PBXTargetDependency section */
		C377DBCA2D0FBF1000CBB509 /* PBXTargetDependency */ = {
			isa = PBXTargetDependency;
			target = C377DBB72D0FBF0F00CBB509 /* Weather App Take Home Test */;
			targetProxy = C377DBC92D0FBF1000CBB509 /* PBXContainerItemProxy */;
		};
		C377DBD42D0FBF1000CBB509 /* PBXTargetDependency */ = {
			isa = PBXTargetDependency;
			target = C377DBB72D0FBF0F00CBB509 /* Weather App Take Home Test */;
			targetProxy = C377DBD32D0FBF1000CBB509 /* PBXContainerItemProxy */;
		};
/* End PBXTargetDependency section */

/* Begin XCBuildConfiguration section */
		C377DBDA2D0FBF1000CBB509 /* Debug */ = {
			isa = XCBuildConfiguration;
			buildSettings = {
				ALWAYS_SEARCH_USER_PATHS = NO;
				ASSETCATALOG_COMPILER_GENERATE_SWIFT_ASSET_SYMBOL_EXTENSIONS = YES;
				CLANG_ANALYZER_NONNULL = YES;
				CLANG_ANALYZER_NUMBER_OBJECT_CONVERSION = YES_AGGRESSIVE;
				CLANG_CXX_LANGUAGE_STANDARD = "gnu++20";
				CLANG_ENABLE_MODULES = YES;
				CLANG_ENABLE_OBJC_ARC = YES;
				CLANG_ENABLE_OBJC_WEAK = YES;
				CLANG_WARN_BLOCK_CAPTURE_AUTORELEASING = YES;
				CLANG_WARN_BOOL_CONVERSION = YES;
				CLANG_WARN_COMMA = YES;
				CLANG_WARN_CONSTANT_CONVERSION = YES;
				CLANG_WARN_DEPRECATED_OBJC_IMPLEMENTATIONS = YES;
				CLANG_WARN_DIRECT_OBJC_ISA_USAGE = YES_ERROR;
				CLANG_WARN_DOCUMENTATION_COMMENTS = YES;
				CLANG_WARN_EMPTY_BODY = YES;
				CLANG_WARN_ENUM_CONVERSION = YES;
				CLANG_WARN_INFINITE_RECURSION = YES;
				CLANG_WARN_INT_CONVERSION = YES;
				CLANG_WARN_NON_LITERAL_NULL_CONVERSION = YES;
				CLANG_WARN_OBJC_IMPLICIT_RETAIN_SELF = YES;
				CLANG_WARN_OBJC_LITERAL_CONVERSION = YES;
				CLANG_WARN_OBJC_ROOT_CLASS = YES_ERROR;
				CLANG_WARN_QUOTED_INCLUDE_IN_FRAMEWORK_HEADER = YES;
				CLANG_WARN_RANGE_LOOP_ANALYSIS = YES;
				CLANG_WARN_STRICT_PROTOTYPES = YES;
				CLANG_WARN_SUSPICIOUS_MOVE = YES;
				CLANG_WARN_UNGUARDED_AVAILABILITY = YES_AGGRESSIVE;
				CLANG_WARN_UNREACHABLE_CODE = YES;
				CLANG_WARN__DUPLICATE_METHOD_MATCH = YES;
				COPY_PHASE_STRIP = NO;
				DEBUG_INFORMATION_FORMAT = dwarf;
				ENABLE_STRICT_OBJC_MSGSEND = YES;
				ENABLE_TESTABILITY = YES;
				ENABLE_USER_SCRIPT_SANDBOXING = YES;
				GCC_C_LANGUAGE_STANDARD = gnu17;
				GCC_DYNAMIC_NO_PIC = NO;
				GCC_NO_COMMON_BLOCKS = YES;
				GCC_OPTIMIZATION_LEVEL = 0;
				GCC_PREPROCESSOR_DEFINITIONS = (
					"DEBUG=1",
					"$(inherited)",
				);
				GCC_WARN_64_TO_32_BIT_CONVERSION = YES;
				GCC_WARN_ABOUT_RETURN_TYPE = YES_ERROR;
				GCC_WARN_UNDECLARED_SELECTOR = YES;
				GCC_WARN_UNINITIALIZED_AUTOS = YES_AGGRESSIVE;
				GCC_WARN_UNUSED_FUNCTION = YES;
				GCC_WARN_UNUSED_VARIABLE = YES;
				IPHONEOS_DEPLOYMENT_TARGET = 18.2;
				LOCALIZATION_PREFERS_STRING_CATALOGS = YES;
				MTL_ENABLE_DEBUG_INFO = INCLUDE_SOURCE;
				MTL_FAST_MATH = YES;
				ONLY_ACTIVE_ARCH = YES;
				SDKROOT = iphoneos;
				SWIFT_ACTIVE_COMPILATION_CONDITIONS = "DEBUG $(inherited)";
				SWIFT_OPTIMIZATION_LEVEL = "-Onone";
			};
			name = Debug;
		};
		C377DBDB2D0FBF1000CBB509 /* Release */ = {
			isa = XCBuildConfiguration;
			buildSettings = {
				ALWAYS_SEARCH_USER_PATHS = NO;
				ASSETCATALOG_COMPILER_GENERATE_SWIFT_ASSET_SYMBOL_EXTENSIONS = YES;
				CLANG_ANALYZER_NONNULL = YES;
				CLANG_ANALYZER_NUMBER_OBJECT_CONVERSION = YES_AGGRESSIVE;
				CLANG_CXX_LANGUAGE_STANDARD = "gnu++20";
				CLANG_ENABLE_MODULES = YES;
				CLANG_ENABLE_OBJC_ARC = YES;
				CLANG_ENABLE_OBJC_WEAK = YES;
				CLANG_WARN_BLOCK_CAPTURE_AUTORELEASING = YES;
				CLANG_WARN_BOOL_CONVERSION = YES;
				CLANG_WARN_COMMA = YES;
				CLANG_WARN_CONSTANT_CONVERSION = YES;
				CLANG_WARN_DEPRECATED_OBJC_IMPLEMENTATIONS = YES;
				CLANG_WARN_DIRECT_OBJC_ISA_USAGE = YES_ERROR;
				CLANG_WARN_DOCUMENTATION_COMMENTS = YES;
				CLANG_WARN_EMPTY_BODY = YES;
				CLANG_WARN_ENUM_CONVERSION = YES;
				CLANG_WARN_INFINITE_RECURSION = YES;
				CLANG_WARN_INT_CONVERSION = YES;
				CLANG_WARN_NON_LITERAL_NULL_CONVERSION = YES;
				CLANG_WARN_OBJC_IMPLICIT_RETAIN_SELF = YES;
				CLANG_WARN_OBJC_LITERAL_CONVERSION = YES;
				CLANG_WARN_OBJC_ROOT_CLASS = YES_ERROR;
				CLANG_WARN_QUOTED_INCLUDE_IN_FRAMEWORK_HEADER = YES;
				CLANG_WARN_RANGE_LOOP_ANALYSIS = YES;
				CLANG_WARN_STRICT_PROTOTYPES = YES;
				CLANG_WARN_SUSPICIOUS_MOVE = YES;
				CLANG_WARN_UNGUARDED_AVAILABILITY = YES_AGGRESSIVE;
				CLANG_WARN_UNREACHABLE_CODE = YES;
				CLANG_WARN__DUPLICATE_METHOD_MATCH = YES;
				COPY_PHASE_STRIP = NO;
				DEBUG_INFORMATION_FORMAT = "dwarf-with-dsym";
				ENABLE_NS_ASSERTIONS = NO;
				ENABLE_STRICT_OBJC_MSGSEND = YES;
				ENABLE_USER_SCRIPT_SANDBOXING = YES;
				GCC_C_LANGUAGE_STANDARD = gnu17;
				GCC_NO_COMMON_BLOCKS = YES;
				GCC_WARN_64_TO_32_BIT_CONVERSION = YES;
				GCC_WARN_ABOUT_RETURN_TYPE = YES_ERROR;
				GCC_WARN_UNDECLARED_SELECTOR = YES;
				GCC_WARN_UNINITIALIZED_AUTOS = YES_AGGRESSIVE;
				GCC_WARN_UNUSED_FUNCTION = YES;
				GCC_WARN_UNUSED_VARIABLE = YES;
				IPHONEOS_DEPLOYMENT_TARGET = 18.2;
				LOCALIZATION_PREFERS_STRING_CATALOGS = YES;
				MTL_ENABLE_DEBUG_INFO = NO;
				MTL_FAST_MATH = YES;
				SDKROOT = iphoneos;
				SWIFT_COMPILATION_MODE = wholemodule;
				VALIDATE_PRODUCT = YES;
			};
			name = Release;
		};
		C377DBDD2D0FBF1000CBB509 /* Debug */ = {
			isa = XCBuildConfiguration;
			buildSettings = {
				ASSETCATALOG_COMPILER_APPICON_NAME = AppIcon;
				ASSETCATALOG_COMPILER_GLOBAL_ACCENT_COLOR_NAME = AccentColor;
				CODE_SIGN_STYLE = Automatic;
				CURRENT_PROJECT_VERSION = 1;
				DEVELOPMENT_ASSET_PATHS = "\"Weather App Take Home Test/Preview Content\"";
				DEVELOPMENT_TEAM = ZWJ9FEA2P8;
				ENABLE_PREVIEWS = YES;
				GENERATE_INFOPLIST_FILE = YES;
				INFOPLIST_FILE = "Weather-App-Take-Home-Test-Info.plist";
				INFOPLIST_KEY_UIApplicationSceneManifest_Generation = YES;
				INFOPLIST_KEY_UIApplicationSupportsIndirectInputEvents = YES;
				INFOPLIST_KEY_UILaunchScreen_Generation = YES;
				INFOPLIST_KEY_UISupportedInterfaceOrientations_iPad = "UIInterfaceOrientationPortrait UIInterfaceOrientationPortraitUpsideDown UIInterfaceOrientationLandscapeLeft UIInterfaceOrientationLandscapeRight";
				INFOPLIST_KEY_UISupportedInterfaceOrientations_iPhone = "UIInterfaceOrientationPortrait UIInterfaceOrientationLandscapeLeft UIInterfaceOrientationLandscapeRight";
				IPHONEOS_DEPLOYMENT_TARGET = 18.0;
				LD_RUNPATH_SEARCH_PATHS = (
					"$(inherited)",
					"@executable_path/Frameworks",
				);
				MARKETING_VERSION = 1.0;
				PRODUCT_BUNDLE_IDENTIFIER = "nooro.Weather-App-Take-Home-Test";
				PRODUCT_NAME = "$(TARGET_NAME)";
				SWIFT_EMIT_LOC_STRINGS = YES;
				SWIFT_VERSION = 5.0;
				TARGETED_DEVICE_FAMILY = "1,2";
			};
			name = Debug;
		};
		C377DBDE2D0FBF1000CBB509 /* Release */ = {
			isa = XCBuildConfiguration;
			buildSettings = {
				ASSETCATALOG_COMPILER_APPICON_NAME = AppIcon;
				ASSETCATALOG_COMPILER_GLOBAL_ACCENT_COLOR_NAME = AccentColor;
				CODE_SIGN_STYLE = Automatic;
				CURRENT_PROJECT_VERSION = 1;
				DEVELOPMENT_ASSET_PATHS = "\"Weather App Take Home Test/Preview Content\"";
				DEVELOPMENT_TEAM = ZWJ9FEA2P8;
				ENABLE_PREVIEWS = YES;
				GENERATE_INFOPLIST_FILE = YES;
				INFOPLIST_FILE = "Weather-App-Take-Home-Test-Info.plist";
				INFOPLIST_KEY_UIApplicationSceneManifest_Generation = YES;
				INFOPLIST_KEY_UIApplicationSupportsIndirectInputEvents = YES;
				INFOPLIST_KEY_UILaunchScreen_Generation = YES;
				INFOPLIST_KEY_UISupportedInterfaceOrientations_iPad = "UIInterfaceOrientationPortrait UIInterfaceOrientationPortraitUpsideDown UIInterfaceOrientationLandscapeLeft UIInterfaceOrientationLandscapeRight";
				INFOPLIST_KEY_UISupportedInterfaceOrientations_iPhone = "UIInterfaceOrientationPortrait UIInterfaceOrientationLandscapeLeft UIInterfaceOrientationLandscapeRight";
				IPHONEOS_DEPLOYMENT_TARGET = 18.0;
				LD_RUNPATH_SEARCH_PATHS = (
					"$(inherited)",
					"@executable_path/Frameworks",
				);
				MARKETING_VERSION = 1.0;
				PRODUCT_BUNDLE_IDENTIFIER = "nooro.Weather-App-Take-Home-Test";
				PRODUCT_NAME = "$(TARGET_NAME)";
				SWIFT_EMIT_LOC_STRINGS = YES;
				SWIFT_VERSION = 5.0;
				TARGETED_DEVICE_FAMILY = "1,2";
			};
			name = Release;
		};
		C377DBE02D0FBF1000CBB509 /* Debug */ = {
			isa = XCBuildConfiguration;
			buildSettings = {
				BUNDLE_LOADER = "$(TEST_HOST)";
				CODE_SIGN_STYLE = Automatic;
				CURRENT_PROJECT_VERSION = 1;
				DEVELOPMENT_TEAM = ZWJ9FEA2P8;
				GENERATE_INFOPLIST_FILE = YES;
				IPHONEOS_DEPLOYMENT_TARGET = 18.2;
				MARKETING_VERSION = 1.0;
				PRODUCT_BUNDLE_IDENTIFIER = "nooro.Weather-App-Take-Home-TestTests";
				PRODUCT_NAME = "$(TARGET_NAME)";
				SWIFT_EMIT_LOC_STRINGS = NO;
				SWIFT_VERSION = 5.0;
				TARGETED_DEVICE_FAMILY = "1,2";
				TEST_HOST = "$(BUILT_PRODUCTS_DIR)/Weather App Take Home Test.app/$(BUNDLE_EXECUTABLE_FOLDER_PATH)/Weather App Take Home Test";
			};
			name = Debug;
		};
		C377DBE12D0FBF1000CBB509 /* Release */ = {
			isa = XCBuildConfiguration;
			buildSettings = {
				BUNDLE_LOADER = "$(TEST_HOST)";
				CODE_SIGN_STYLE = Automatic;
				CURRENT_PROJECT_VERSION = 1;
				DEVELOPMENT_TEAM = ZWJ9FEA2P8;
				GENERATE_INFOPLIST_FILE = YES;
				IPHONEOS_DEPLOYMENT_TARGET = 18.2;
				MARKETING_VERSION = 1.0;
				PRODUCT_BUNDLE_IDENTIFIER = "nooro.Weather-App-Take-Home-TestTests";
				PRODUCT_NAME = "$(TARGET_NAME)";
				SWIFT_EMIT_LOC_STRINGS = NO;
				SWIFT_VERSION = 5.0;
				TARGETED_DEVICE_FAMILY = "1,2";
				TEST_HOST = "$(BUILT_PRODUCTS_DIR)/Weather App Take Home Test.app/$(BUNDLE_EXECUTABLE_FOLDER_PATH)/Weather App Take Home Test";
			};
			name = Release;
		};
		C377DBE32D0FBF1000CBB509 /* Debug */ = {
			isa = XCBuildConfiguration;
			buildSettings = {
				CODE_SIGN_STYLE = Automatic;
				CURRENT_PROJECT_VERSION = 1;
				DEVELOPMENT_TEAM = ZWJ9FEA2P8;
				GENERATE_INFOPLIST_FILE = YES;
				MARKETING_VERSION = 1.0;
				PRODUCT_BUNDLE_IDENTIFIER = "nooro.Weather-App-Take-Home-TestUITests";
				PRODUCT_NAME = "$(TARGET_NAME)";
				SWIFT_EMIT_LOC_STRINGS = NO;
				SWIFT_VERSION = 5.0;
				TARGETED_DEVICE_FAMILY = "1,2";
				TEST_TARGET_NAME = "Weather App Take Home Test";
			};
			name = Debug;
		};
		C377DBE42D0FBF1000CBB509 /* Release */ = {
			isa = XCBuildConfiguration;
			buildSettings = {
				CODE_SIGN_STYLE = Automatic;
				CURRENT_PROJECT_VERSION = 1;
				DEVELOPMENT_TEAM = ZWJ9FEA2P8;
				GENERATE_INFOPLIST_FILE = YES;
				MARKETING_VERSION = 1.0;
				PRODUCT_BUNDLE_IDENTIFIER = "nooro.Weather-App-Take-Home-TestUITests";
				PRODUCT_NAME = "$(TARGET_NAME)";
				SWIFT_EMIT_LOC_STRINGS = NO;
				SWIFT_VERSION = 5.0;
				TARGETED_DEVICE_FAMILY = "1,2";
				TEST_TARGET_NAME = "Weather App Take Home Test";
			};
			name = Release;
		};
/* End XCBuildConfiguration section */

/* Begin XCConfigurationList section */
		C377DBB32D0FBF0F00CBB509 /* Build configuration list for PBXProject "Weather App Take Home Test" */ = {
			isa = XCConfigurationList;
			buildConfigurations = (
				C377DBDA2D0FBF1000CBB509 /* Debug */,
				C377DBDB2D0FBF1000CBB509 /* Release */,
			);
			defaultConfigurationIsVisible = 0;
			defaultConfigurationName = Release;
		};
		C377DBDC2D0FBF1000CBB509 /* Build configuration list for PBXNativeTarget "Weather App Take Home Test" */ = {
			isa = XCConfigurationList;
			buildConfigurations = (
				C377DBDD2D0FBF1000CBB509 /* Debug */,
				C377DBDE2D0FBF1000CBB509 /* Release */,
			);
			defaultConfigurationIsVisible = 0;
			defaultConfigurationName = Release;
		};
		C377DBDF2D0FBF1000CBB509 /* Build configuration list for PBXNativeTarget "Weather App Take Home TestTests" */ = {
			isa = XCConfigurationList;
			buildConfigurations = (
				C377DBE02D0FBF1000CBB509 /* Debug */,
				C377DBE12D0FBF1000CBB509 /* Release */,
			);
			defaultConfigurationIsVisible = 0;
			defaultConfigurationName = Release;
		};
		C377DBE22D0FBF1000CBB509 /* Build configuration list for PBXNativeTarget "Weather App Take Home TestUITests" */ = {
			isa = XCConfigurationList;
			buildConfigurations = (
				C377DBE32D0FBF1000CBB509 /* Debug */,
				C377DBE42D0FBF1000CBB509 /* Release */,
			);
			defaultConfigurationIsVisible = 0;
			defaultConfigurationName = Release;
		};
/* End XCConfigurationList section */
	};
	rootObject = C377DBB02D0FBF0F00CBB509 /* Project object */;
}
